{
	"name": "otuconverter",
	"version": "1.0.0",
	"lockfileVersion": 3,
	"requires": true,
	"packages": {
		"": {
			"name": "otuconverter",
			"version": "1.0.0",
			"license": "ISC",
			"dependencies": {
				"@g-js-api/g.js": "^5.1.4",
				"awesome-logging": "^1.1.4",
				"circulator": "^1.2.0",
				"osu-parsers": "^4.1.7",
				"osu-pp-calculator": "^0.1.7",
				"osu-standard-stable": "^5.0.0"
			}
		},
		"node_modules/@g-js-api/g.js": {
			"version": "5.1.4",
			"resolved": "https://registry.npmjs.org/@g-js-api/g.js/-/g.js-5.1.4.tgz",
			"integrity": "sha512-OPR91pLvNGd/ahsRXlA4o+z7kM6IZpVoDeSeMCZbUCx6f5gN/91/dGKEh7qnurVHO+DG3+6pA3tUyxir0elF9A==",
			"dependencies": {
				"node-html-parser": "^6.1.10",
				"pako": "^2.1.0",
				"ws": "^8.16.0"
			}
		},
		"node_modules/@types/node": {
			"version": "20.12.12",
			"resolved": "https://registry.npmjs.org/@types/node/-/node-20.12.12.tgz",
			"integrity": "sha512-eWLDGF/FOSPtAvEqeRAQ4C8LSA7M1I7i0ky1I8U7kD1J5ITyW3AsRhQrKVoWf5pFKZ2kILsEGJhsI9r93PYnOw==",
			"license": "MIT",
			"dependencies": {
				"undici-types": "~5.26.4"
			}
		},
		"node_modules/ansi-regex": {
			"version": "6.0.1",
			"resolved": "https://registry.npmjs.org/ansi-regex/-/ansi-regex-6.0.1.tgz",
			"integrity": "sha512-n5M855fKb2SsfMIiFFoVrABHJC8QtHwVx+mHWP3QcEqBHYienj5dHSgjbxtC0WEZXYt4wcD6zrQElDPhFuZgfA==",
			"license": "MIT",
			"engines": {
				"node": ">=12"
			},
			"funding": {
				"url": "https://github.com/chalk/ansi-regex?sponsor=1"
			}
		},
		"node_modules/ansi-styles": {
			"version": "6.2.1",
			"resolved": "https://registry.npmjs.org/ansi-styles/-/ansi-styles-6.2.1.tgz",
			"integrity": "sha512-bN798gFfQX+viw3R7yrGWRqnrN2oRkEkUjjl4JNn4E8GxxbjtG3FbrEIIY3l8/hrwUwIeCZvi4QuOTP4MErVug==",
			"license": "MIT",
			"engines": {
				"node": ">=12"
			},
			"funding": {
				"url": "https://github.com/chalk/ansi-styles?sponsor=1"
			}
		},
		"node_modules/awesome-logging": {
			"version": "1.1.4",
			"resolved": "https://registry.npmjs.org/awesome-logging/-/awesome-logging-1.1.4.tgz",
			"integrity": "sha512-1ZS5tis9Gm8zoUKpFvEM35+KSJRu/NPjEh/fzSNe23ainlReJYk6xuUM/2GKDWMjHX5ViGdphq+ybO2v06Z05Q==",
			"hasInstallScript": true,
			"license": "MIT",
			"dependencies": {
				"chalk": "^5.3.0",
				"restore-cursor": "^5.0.0",
				"slice-ansi": "^7.1.0",
				"strip-ansi": "^7.1.0"
			}
		},
		"node_modules/boolbase": {
			"version": "1.0.0",
			"resolved": "https://registry.npmjs.org/boolbase/-/boolbase-1.0.0.tgz",
			"integrity": "sha512-JZOSA7Mo9sNGB8+UjSgzdLtokWAky1zbztM3WRLCbZ70/3cTANmQmOdR7y2g+J0e2WXywy1yS468tY+IruqEww==",
			"license": "ISC"
		},
		"node_modules/chalk": {
			"version": "5.3.0",
			"resolved": "https://registry.npmjs.org/chalk/-/chalk-5.3.0.tgz",
			"integrity": "sha512-dLitG79d+GV1Nb/VYcCDFivJeK1hiukt9QjRNVOsUtTy1rR1YJsmpGGTZ3qJos+uw7WmWF4wUwBd9jxjocFC2w==",
			"license": "MIT",
			"engines": {
				"node": "^12.17.0 || ^14.13 || >=16.0.0"
			},
			"funding": {
				"url": "https://github.com/chalk/chalk?sponsor=1"
			}
		},
		"node_modules/circulator": {
			"version": "1.2.0",
			"resolved": "https://registry.npmjs.org/circulator/-/circulator-1.2.0.tgz",
			"integrity": "sha512-ZHqQo8PPY5GF1/GhJytx3OaY/YDR5cHd2epODbmycDEMrxTOkfx/FonA7IkAuCAxTjfmlykh4VNbEFBZJ46KYw==",
			"license": "MIT",
			"engines": {
				"nodejs": ">= 5.x"
			}
		},
		"node_modules/css-select": {
			"version": "5.1.0",
			"resolved": "https://registry.npmjs.org/css-select/-/css-select-5.1.0.tgz",
			"integrity": "sha512-nwoRF1rvRRnnCqqY7updORDsuqKzqYJ28+oSMaJMMgOauh3fvwHqMS7EZpIPqK8GL+g9mKxF1vP/ZjSeNjEVHg==",
			"license": "BSD-2-Clause",
			"dependencies": {
				"boolbase": "^1.0.0",
				"css-what": "^6.1.0",
				"domhandler": "^5.0.2",
				"domutils": "^3.0.1",
				"nth-check": "^2.0.1"
			},
			"funding": {
				"url": "https://github.com/sponsors/fb55"
			}
		},
		"node_modules/css-what": {
			"version": "6.1.0",
			"resolved": "https://registry.npmjs.org/css-what/-/css-what-6.1.0.tgz",
			"integrity": "sha512-HTUrgRJ7r4dsZKU6GjmpfRK1O76h97Z8MfS1G0FozR+oF2kG6Vfe8JE6zwrkbxigziPHinCJ+gCPjA9EaBDtRw==",
			"license": "BSD-2-Clause",
			"engines": {
				"node": ">= 6"
			},
			"funding": {
				"url": "https://github.com/sponsors/fb55"
			}
		},
		"node_modules/dom-serializer": {
			"version": "2.0.0",
			"resolved": "https://registry.npmjs.org/dom-serializer/-/dom-serializer-2.0.0.tgz",
			"integrity": "sha512-wIkAryiqt/nV5EQKqQpo3SToSOV9J0DnbJqwK7Wv/Trc92zIAYZ4FlMu+JPFW1DfGFt81ZTCGgDEabffXeLyJg==",
			"license": "MIT",
			"dependencies": {
				"domelementtype": "^2.3.0",
				"domhandler": "^5.0.2",
				"entities": "^4.2.0"
			},
			"funding": {
				"url": "https://github.com/cheeriojs/dom-serializer?sponsor=1"
			}
		},
		"node_modules/domelementtype": {
			"version": "2.3.0",
			"resolved": "https://registry.npmjs.org/domelementtype/-/domelementtype-2.3.0.tgz",
			"integrity": "sha512-OLETBj6w0OsagBwdXnPdN0cnMfF9opN69co+7ZrbfPGrdpPVNBUj02spi6B1N7wChLQiPn4CSH/zJvXw56gmHw==",
			"funding": [
				{
					"type": "github",
					"url": "https://github.com/sponsors/fb55"
				}
			],
			"license": "BSD-2-Clause"
		},
		"node_modules/domhandler": {
			"version": "5.0.3",
			"resolved": "https://registry.npmjs.org/domhandler/-/domhandler-5.0.3.tgz",
			"integrity": "sha512-cgwlv/1iFQiFnU96XXgROh8xTeetsnJiDsTc7TYCLFd9+/WNkIqPTxiM/8pSd8VIrhXGTf1Ny1q1hquVqDJB5w==",
			"license": "BSD-2-Clause",
			"dependencies": {
				"domelementtype": "^2.3.0"
			},
			"engines": {
				"node": ">= 4"
			},
			"funding": {
				"url": "https://github.com/fb55/domhandler?sponsor=1"
			}
		},
		"node_modules/domutils": {
			"version": "3.1.0",
			"resolved": "https://registry.npmjs.org/domutils/-/domutils-3.1.0.tgz",
			"integrity": "sha512-H78uMmQtI2AhgDJjWeQmHwJJ2bLPD3GMmO7Zja/ZZh84wkm+4ut+IUnUdRa8uCGX88DiVx1j6FRe1XfxEgjEZA==",
			"license": "BSD-2-Clause",
			"dependencies": {
				"dom-serializer": "^2.0.0",
				"domelementtype": "^2.3.0",
				"domhandler": "^5.0.3"
			},
			"funding": {
				"url": "https://github.com/fb55/domutils?sponsor=1"
			}
		},
		"node_modules/entities": {
			"version": "4.5.0",
			"resolved": "https://registry.npmjs.org/entities/-/entities-4.5.0.tgz",
			"integrity": "sha512-V0hjH4dGPh9Ao5p0MoRY6BVqtwCjhz6vI5LT8AJ55H+4g9/4vbHx1I54fS0XuclLhDHArPQCiMjDxjaL8fPxhw==",
			"license": "BSD-2-Clause",
			"engines": {
				"node": ">=0.12"
			},
			"funding": {
				"url": "https://github.com/fb55/entities?sponsor=1"
			}
		},
		"node_modules/get-east-asian-width": {
			"version": "1.2.0",
			"resolved": "https://registry.npmjs.org/get-east-asian-width/-/get-east-asian-width-1.2.0.tgz",
			"integrity": "sha512-2nk+7SIVb14QrgXFHcm84tD4bKQz0RxPuMT8Ag5KPOq7J5fEmAg0UbXdTOSHqNuHSU28k55qnceesxXRZGzKWA==",
			"license": "MIT",
			"engines": {
				"node": ">=18"
			},
			"funding": {
				"url": "https://github.com/sponsors/sindresorhus"
			}
		},
		"node_modules/he": {
			"version": "1.2.0",
			"resolved": "https://registry.npmjs.org/he/-/he-1.2.0.tgz",
			"integrity": "sha512-F/1DnUGPopORZi0ni+CvrCgHQ5FyEAHRLSApuYWMmrbSwoN2Mn/7k+Gl38gJnR7yyDZk6WLXwiGod1JOWNDKGw==",
			"license": "MIT",
			"bin": {
				"he": "bin/he"
			}
		},
		"node_modules/is-fullwidth-code-point": {
			"version": "5.0.0",
			"resolved": "https://registry.npmjs.org/is-fullwidth-code-point/-/is-fullwidth-code-point-5.0.0.tgz",
			"integrity": "sha512-OVa3u9kkBbw7b8Xw5F9P+D/T9X+Z4+JruYVNapTjPYZYUznQ5YfWeFkOj606XYYW8yugTfC8Pj0hYqvi4ryAhA==",
			"license": "MIT",
			"dependencies": {
				"get-east-asian-width": "^1.0.0"
			},
			"engines": {
				"node": ">=18"
			},
			"funding": {
				"url": "https://github.com/sponsors/sindresorhus"
			}
		},
		"node_modules/lzma-js-simple-v2": {
			"version": "1.2.3",
			"resolved": "https://registry.npmjs.org/lzma-js-simple-v2/-/lzma-js-simple-v2-1.2.3.tgz",
			"integrity": "sha512-6kgy86Q3YLolV6dOwCqdQXg3V07e3XJJ6wqfrN8/s65mvCfqkr+jMJkfiSZNvk+u2ig+G8rLdtaoW/g1oJiwow==",
			"license": "MIT",
			"dependencies": {
				"@types/node": "^20.12.7"
			}
		},
		"node_modules/mimic-fn": {
			"version": "4.0.0",
			"resolved": "https://registry.npmjs.org/mimic-fn/-/mimic-fn-4.0.0.tgz",
			"integrity": "sha512-vqiC06CuhBTUdZH+RYl8sFrL096vA45Ok5ISO6sE/Mr1jRbGH4Csnhi8f3wKVl7x8mO4Au7Ir9D3Oyv1VYMFJw==",
			"license": "MIT",
			"engines": {
				"node": ">=12"
			},
			"funding": {
				"url": "https://github.com/sponsors/sindresorhus"
			}
		},
		"node_modules/node-html-parser": {
			"version": "6.1.13",
			"resolved": "https://registry.npmjs.org/node-html-parser/-/node-html-parser-6.1.13.tgz",
			"integrity": "sha512-qIsTMOY4C/dAa5Q5vsobRpOOvPfC4pB61UVW2uSwZNUp0QU/jCekTal1vMmbO0DgdHeLUJpv/ARmDqErVxA3Sg==",
			"license": "MIT",
			"dependencies": {
				"css-select": "^5.1.0",
				"he": "1.2.0"
			}
		},
		"node_modules/nth-check": {
			"version": "2.1.1",
			"resolved": "https://registry.npmjs.org/nth-check/-/nth-check-2.1.1.tgz",
			"integrity": "sha512-lqjrjmaOoAnWfMmBPL+XNnynZh2+swxiX3WUE0s4yEHI6m+AwrK2UZOimIRl3X/4QctVqS8AiZjFqyOGrMXb/w==",
			"license": "BSD-2-Clause",
			"dependencies": {
				"boolbase": "^1.0.0"
			},
			"funding": {
				"url": "https://github.com/fb55/nth-check?sponsor=1"
			}
		},
		"node_modules/onetime": {
			"version": "6.0.0",
			"resolved": "https://registry.npmjs.org/onetime/-/onetime-6.0.0.tgz",
			"integrity": "sha512-1FlR+gjXK7X+AsAHso35MnyN5KqGwJRi/31ft6x0M194ht7S+rWAvd7PHss9xSKMzE0asv1pyIHaJYq+BbacAQ==",
			"license": "MIT",
			"dependencies": {
				"mimic-fn": "^4.0.0"
			},
			"engines": {
				"node": ">=12"
			},
			"funding": {
				"url": "https://github.com/sponsors/sindresorhus"
			}
		},
		"node_modules/osu-classes": {
			"version": "3.1.0",
			"resolved": "https://registry.npmjs.org/osu-classes/-/osu-classes-3.1.0.tgz",
			"integrity": "sha512-kz38FWMGnz5lr6ofovUrNaDAcs1gNpwlDc1qHjW86ILQZXG44w/+NflV7EyFomkI05XCADGfltE4FVoPwrkrmg==",
			"license": "MIT",
			"peer": true
		},
		"node_modules/osu-parsers": {
			"version": "4.1.7",
			"resolved": "https://registry.npmjs.org/osu-parsers/-/osu-parsers-4.1.7.tgz",
			"integrity": "sha512-b8aYJy9vK0Yk8zVbxVN+HSChGnXufSxePb3gABG8s5YGCY+31CKJTUHDAVRST0kX4lyeI4Z3iRxsCRftHFHEug==",
			"license": "MIT",
			"dependencies": {
				"lzma-js-simple-v2": "^1.2.3"
			},
			"peerDependencies": {
				"osu-classes": "^3.1.0"
			}
		},
		"node_modules/osu-pp-calculator": {
			"version": "0.1.7",
			"resolved": "https://registry.npmjs.org/osu-pp-calculator/-/osu-pp-calculator-0.1.7.tgz",
			"integrity": "sha512-PbzAVfgTLQ7zNiD9o05XPLk10H5EA2PHGhj+KCfCOtFCKxUywSQVtYPrzdEBOUQe2ihT9x6iJNlPpxB6OqzVNA==",
			"license": "GPL"
		},
		"node_modules/osu-standard-stable": {
			"version": "5.0.0",
			"resolved": "https://registry.npmjs.org/osu-standard-stable/-/osu-standard-stable-5.0.0.tgz",
			"integrity": "sha512-qCzS1DFStHjgeDZguLRY5k4OgJSNXHG+sUdi1jm2Xwgk23QsyexwRQyTs5phFMuAnQmxeyjzWELLHOo99A/gMA==",
			"license": "MIT",
			"peerDependencies": {
				"osu-classes": "^3.0.0"
			}
		},
		"node_modules/pako": {
			"version": "2.1.0",
			"resolved": "https://registry.npmjs.org/pako/-/pako-2.1.0.tgz",
			"integrity": "sha512-w+eufiZ1WuJYgPXbV/PO3NCMEc3xqylkKHzp8bxp1uW4qaSNQUkwmLLEc3kKsfz8lpV1F8Ht3U1Cm+9Srog2ug=="
		},
		"node_modules/restore-cursor": {
			"version": "5.0.0",
			"resolved": "https://registry.npmjs.org/restore-cursor/-/restore-cursor-5.0.0.tgz",
			"integrity": "sha512-Hp93f349DvdEqJFHiPyzNzVjT7lDDFtQJWRotQVQNl3CHr4j7oMHStQB9UH/CJSHTrevAZXFvomgzy8lXjrK0w==",
			"license": "MIT",
			"dependencies": {
				"onetime": "^6.0.0",
				"signal-exit": "^4.1.0"
			},
			"engines": {
				"node": ">=18"
			},
			"funding": {
				"url": "https://github.com/sponsors/sindresorhus"
			}
		},
		"node_modules/signal-exit": {
			"version": "4.1.0",
			"resolved": "https://registry.npmjs.org/signal-exit/-/signal-exit-4.1.0.tgz",
			"integrity": "sha512-bzyZ1e88w9O1iNJbKnOlvYTrWPDl46O1bG0D3XInv+9tkPrxrN8jUUTiFlDkkmKWgn1M6CfIA13SuGqOa9Korw==",
			"license": "ISC",
			"engines": {
				"node": ">=14"
			},
			"funding": {
				"url": "https://github.com/sponsors/isaacs"
			}
		},
		"node_modules/slice-ansi": {
			"version": "7.1.0",
			"resolved": "https://registry.npmjs.org/slice-ansi/-/slice-ansi-7.1.0.tgz",
			"integrity": "sha512-bSiSngZ/jWeX93BqeIAbImyTbEihizcwNjFoRUIY/T1wWQsfsm2Vw1agPKylXvQTU7iASGdHhyqRlqQzfz+Htg==",
			"license": "MIT",
			"dependencies": {
				"ansi-styles": "^6.2.1",
				"is-fullwidth-code-point": "^5.0.0"
			},
			"engines": {
				"node": ">=18"
			},
			"funding": {
				"url": "https://github.com/chalk/slice-ansi?sponsor=1"
			}
		},
		"node_modules/strip-ansi": {
			"version": "7.1.0",
			"resolved": "https://registry.npmjs.org/strip-ansi/-/strip-ansi-7.1.0.tgz",
			"integrity": "sha512-iq6eVVI64nQQTRYq2KtEg2d2uU7LElhTJwsH4YzIHZshxlgZms/wIc4VoDQTlG/IvVIrBKG06CrZnp0qv7hkcQ==",
			"license": "MIT",
			"dependencies": {
				"ansi-regex": "^6.0.1"
			},
			"engines": {
				"node": ">=12"
			},
			"funding": {
				"url": "https://github.com/chalk/strip-ansi?sponsor=1"
			}
		},
		"node_modules/undici-types": {
			"version": "5.26.5",
			"resolved": "https://registry.npmjs.org/undici-types/-/undici-types-5.26.5.tgz",
			"integrity": "sha512-JlCMO+ehdEIKqlFxk6IfVoAUVmgz7cU7zD/h9XZ0qzeosSHmUJVOzSQvvYSYWXkFXC+IfLKSIffhv0sVZup6pA==",
			"license": "MIT"
		},
		"node_modules/ws": {
			"version": "8.17.0",
			"resolved": "https://registry.npmjs.org/ws/-/ws-8.17.0.tgz",
			"integrity": "sha512-uJq6108EgZMAl20KagGkzCKfMEjxmKvZHG7Tlq0Z6nOky7YF7aq4mOx6xK8TJ/i1LeK4Qus7INktacctDgY8Ow==",
			"license": "MIT",
			"engines": {
				"node": ">=10.0.0"
			},
			"peerDependencies": {
				"bufferutil": "^4.0.1",
				"utf-8-validate": ">=5.0.2"
			},
			"peerDependenciesMeta": {
				"bufferutil": {
					"optional": true
				},
				"utf-8-validate": {
					"optional": true
				}
			}
		}
	}
}
